// !$*UTF8*$!
{
	archiveVersion = 1;
	classes = {
	};
	objectVersion = 50;
	objects = {

/* Begin PBXBuildFile section */
		E201FAC924421A7C00AE6F4C /* CalculatorEnviromentObject.swift in Sources */ = {isa = PBXBuildFile; fileRef = E201FAC824421A7C00AE6F4C /* CalculatorEnviromentObject.swift */; };
		E201FACC24421E6200AE6F4C /* CalculatorButtonsView.swift in Sources */ = {isa = PBXBuildFile; fileRef = E201FACB24421E6200AE6F4C /* CalculatorButtonsView.swift */; };
		E239F23D245F91A600097C39 /* View+Modifiers.swift in Sources */ = {isa = PBXBuildFile; fileRef = E239F23C245F91A600097C39 /* View+Modifiers.swift */; };
		E24CFDA22455F8190084F51D /* CalculatorOperationValidator.swift in Sources */ = {isa = PBXBuildFile; fileRef = E24CFDA12455F8190084F51D /* CalculatorOperationValidator.swift */; };
		E24E84C0244276E8007AC7AE /* CalculatorResultDisplayView.swift in Sources */ = {isa = PBXBuildFile; fileRef = E24E84BF244276E8007AC7AE /* CalculatorResultDisplayView.swift */; };
		E256231124427A3E00AA7CD0 /* CalculatorButton.swift in Sources */ = {isa = PBXBuildFile; fileRef = E256231024427A3E00AA7CD0 /* CalculatorButton.swift */; };
		E256231324427BB400AA7CD0 /* CalculatorView.swift in Sources */ = {isa = PBXBuildFile; fileRef = E256231224427BB400AA7CD0 /* CalculatorView.swift */; };
		E263ED6A244AA99D0001C89B /* String+Digits.swift in Sources */ = {isa = PBXBuildFile; fileRef = E263ED69244AA99D0001C89B /* String+Digits.swift */; };
		E263ED6C244ACE260001C89B /* Decimal+Digits.swift in Sources */ = {isa = PBXBuildFile; fileRef = E263ED6B244ACE260001C89B /* Decimal+Digits.swift */; };
		E2654C6C244D5304005BA7EC /* CalculatorOperationValidatorProtocol.swift in Sources */ = {isa = PBXBuildFile; fileRef = E2654C6B244D5304005BA7EC /* CalculatorOperationValidatorProtocol.swift */; };
		E266775A245D0F1D006B2872 /* CalculatorButtonViewModifier.swift in Sources */ = {isa = PBXBuildFile; fileRef = E2667759245D0F1D006B2872 /* CalculatorButtonViewModifier.swift */; };
		E2667765245D14E5006B2872 /* CalculatorTextButton.swift in Sources */ = {isa = PBXBuildFile; fileRef = E2667764245D14E5006B2872 /* CalculatorTextButton.swift */; };
		E2667767245D14F0006B2872 /* CalculatorImageButton.swift in Sources */ = {isa = PBXBuildFile; fileRef = E2667766245D14F0006B2872 /* CalculatorImageButton.swift */; };
		E266F250244E8F240009559E /* ScientificFormatter.swift in Sources */ = {isa = PBXBuildFile; fileRef = E266F24F244E8F240009559E /* ScientificFormatter.swift */; };
		E266F252244E90D60009559E /* DecimalFormatter.swift in Sources */ = {isa = PBXBuildFile; fileRef = E266F251244E90D60009559E /* DecimalFormatter.swift */; };
		E266F254244E91420009559E /* DefaultFormatter.swift in Sources */ = {isa = PBXBuildFile; fileRef = E266F253244E91420009559E /* DefaultFormatter.swift */; };
		E266F256244EA2580009559E /* CalculatorOptionRepresentable.swift in Sources */ = {isa = PBXBuildFile; fileRef = E266F255244EA2580009559E /* CalculatorOptionRepresentable.swift */; };
		E2681FD0244BB33F002DB20F /* String+Replacing.swift in Sources */ = {isa = PBXBuildFile; fileRef = E2681FCF244BB33F002DB20F /* String+Replacing.swift */; };
		E2681FD2244BB368002DB20F /* CalculatorContants.swift in Sources */ = {isa = PBXBuildFile; fileRef = E2681FD1244BB368002DB20F /* CalculatorContants.swift */; };
		E2681FE2244BE6F0002DB20F /* CalculatorResultFormatterTests.swift in Sources */ = {isa = PBXBuildFile; fileRef = E2681FE1244BE6F0002DB20F /* CalculatorResultFormatterTests.swift */; };
		E2697DC224515D9B0082F30D /* CalculatorOperationValidatorMock.swift in Sources */ = {isa = PBXBuildFile; fileRef = E2697DC124515D9B0082F30D /* CalculatorOperationValidatorMock.swift */; };
		E2697DC424515F030082F30D /* CalculatorOperationValidatorTests.swift in Sources */ = {isa = PBXBuildFile; fileRef = E2697DC324515F030082F30D /* CalculatorOperationValidatorTests.swift */; };
		E27030EF24494EC500955BDF /* CalculatorOperationHandler.swift in Sources */ = {isa = PBXBuildFile; fileRef = E27030EE24494EC500955BDF /* CalculatorOperationHandler.swift */; };
		E27030F1244951FD00955BDF /* CalculatorOperationHandlerProtocol.swift in Sources */ = {isa = PBXBuildFile; fileRef = E27030F0244951FD00955BDF /* CalculatorOperationHandlerProtocol.swift */; };
		E27030F324495D0000955BDF /* CalculatorEnvironmentObjectProtocol.swift in Sources */ = {isa = PBXBuildFile; fileRef = E27030F224495D0000955BDF /* CalculatorEnvironmentObjectProtocol.swift */; };
		E27030F5244970B800955BDF /* DependencyInjectionManager.swift in Sources */ = {isa = PBXBuildFile; fileRef = E27030F4244970B800955BDF /* DependencyInjectionManager.swift */; };
		E2C600322448229C0099A038 /* PendingBinaryOperation.swift in Sources */ = {isa = PBXBuildFile; fileRef = E2C600312448229C0099A038 /* PendingBinaryOperation.swift */; };
		E2C60034244822EE0099A038 /* CalculatorResultFormatter.swift in Sources */ = {isa = PBXBuildFile; fileRef = E2C60033244822EE0099A038 /* CalculatorResultFormatter.swift */; };
		E2C60038244824AB0099A038 /* CalculatorResultFormatterProtocol.swift in Sources */ = {isa = PBXBuildFile; fileRef = E2C60037244824AB0099A038 /* CalculatorResultFormatterProtocol.swift */; };
		E2CAA055245525D600C4DBC9 /* CalculatorConfiguration.swift in Sources */ = {isa = PBXBuildFile; fileRef = E2CAA054245525D600C4DBC9 /* CalculatorConfiguration.swift */; };
		E2CAA0572455261300C4DBC9 /* CalculatorConfigurationProtocol.swift in Sources */ = {isa = PBXBuildFile; fileRef = E2CAA0562455261300C4DBC9 /* CalculatorConfigurationProtocol.swift */; };
		E2CAA059245533F800C4DBC9 /* CalculatorConfigurationMock.swift in Sources */ = {isa = PBXBuildFile; fileRef = E2CAA058245533F800C4DBC9 /* CalculatorConfigurationMock.swift */; };
		E2CAA05B2455375800C4DBC9 /* CalculatorTestsMockFactory.swift in Sources */ = {isa = PBXBuildFile; fileRef = E2CAA05A2455375800C4DBC9 /* CalculatorTestsMockFactory.swift */; };
		E2CAA05E24553B1D00C4DBC9 /* CalculatorInputFactory.swift in Sources */ = {isa = PBXBuildFile; fileRef = E2CAA05D24553B1D00C4DBC9 /* CalculatorInputFactory.swift */; };
		E2CAA06024555EBA00C4DBC9 /* StringExtensionTests.swift in Sources */ = {isa = PBXBuildFile; fileRef = E2CAA05F24555EBA00C4DBC9 /* StringExtensionTests.swift */; };
		E2CADA87245CC86D0047B314 /* CalculatorDisplayTrimmerProtocol.swift in Sources */ = {isa = PBXBuildFile; fileRef = E2CADA86245CC86D0047B314 /* CalculatorDisplayTrimmerProtocol.swift */; };
		E2CADA89245CC8BA0047B314 /* CalculatorDisplayTrimmer.swift in Sources */ = {isa = PBXBuildFile; fileRef = E2CADA88245CC8BA0047B314 /* CalculatorDisplayTrimmer.swift */; };
		E2CBA5152442C388008A3097 /* CalculatorOperation.swift in Sources */ = {isa = PBXBuildFile; fileRef = E2CBA5142442C388008A3097 /* CalculatorOperation.swift */; };
		E2CBA5182442C3D3008A3097 /* CalculatorOptionProtocol.swift in Sources */ = {isa = PBXBuildFile; fileRef = E2CBA5172442C3D3008A3097 /* CalculatorOptionProtocol.swift */; };
		E2CBA51C2442C660008A3097 /* CalculatorOption.swift in Sources */ = {isa = PBXBuildFile; fileRef = E2CBA51B2442C660008A3097 /* CalculatorOption.swift */; };
		E2CBA51E2442C7D3008A3097 /* CalculatorBuilder.swift in Sources */ = {isa = PBXBuildFile; fileRef = E2CBA51D2442C7D3008A3097 /* CalculatorBuilder.swift */; };
		E2DA4B072453BF2100B9D981 /* CalculatorOptionTests.swift in Sources */ = {isa = PBXBuildFile; fileRef = E2DA4B062453BF2100B9D981 /* CalculatorOptionTests.swift */; };
		E2DA4B092453C25A00B9D981 /* PendingBinaryOperationTests.swift in Sources */ = {isa = PBXBuildFile; fileRef = E2DA4B082453C25A00B9D981 /* PendingBinaryOperationTests.swift */; };
		E2DA4B0B2453C76300B9D981 /* CalculatorOperationHandlerTests.swift in Sources */ = {isa = PBXBuildFile; fileRef = E2DA4B0A2453C76300B9D981 /* CalculatorOperationHandlerTests.swift */; };
		E2FBCEC42441608600147B1B /* AppDelegate.swift in Sources */ = {isa = PBXBuildFile; fileRef = E2FBCEC32441608600147B1B /* AppDelegate.swift */; };
		E2FBCEC62441608600147B1B /* SceneDelegate.swift in Sources */ = {isa = PBXBuildFile; fileRef = E2FBCEC52441608600147B1B /* SceneDelegate.swift */; };
		E2FBCECA2441608D00147B1B /* Assets.xcassets in Resources */ = {isa = PBXBuildFile; fileRef = E2FBCEC92441608D00147B1B /* Assets.xcassets */; };
		E2FBCECD2441608D00147B1B /* Preview Assets.xcassets in Resources */ = {isa = PBXBuildFile; fileRef = E2FBCECC2441608D00147B1B /* Preview Assets.xcassets */; };
		E2FBCED02441608D00147B1B /* LaunchScreen.storyboard in Resources */ = {isa = PBXBuildFile; fileRef = E2FBCECE2441608D00147B1B /* LaunchScreen.storyboard */; };
/* End PBXBuildFile section */

/* Begin PBXContainerItemProxy section */
		E2681FDC244BE42C002DB20F /* PBXContainerItemProxy */ = {
			isa = PBXContainerItemProxy;
			containerPortal = E2FBCEB82441608600147B1B /* Project object */;
			proxyType = 1;
			remoteGlobalIDString = E2FBCEBF2441608600147B1B;
			remoteInfo = CalculatorReplicaSwiftUI;
		};
/* End PBXContainerItemProxy section */

/* Begin PBXFileReference section */
		E201FAC824421A7C00AE6F4C /* CalculatorEnviromentObject.swift */ = {isa = PBXFileReference; lastKnownFileType = sourcecode.swift; path = CalculatorEnviromentObject.swift; sourceTree = "<group>"; };
		E201FACB24421E6200AE6F4C /* CalculatorButtonsView.swift */ = {isa = PBXFileReference; lastKnownFileType = sourcecode.swift; path = CalculatorButtonsView.swift; sourceTree = "<group>"; };
		E239F23C245F91A600097C39 /* View+Modifiers.swift */ = {isa = PBXFileReference; lastKnownFileType = sourcecode.swift; path = "View+Modifiers.swift"; sourceTree = "<group>"; };
		E24CFDA12455F8190084F51D /* CalculatorOperationValidator.swift */ = {isa = PBXFileReference; lastKnownFileType = sourcecode.swift; path = CalculatorOperationValidator.swift; sourceTree = "<group>"; };
		E24E84BF244276E8007AC7AE /* CalculatorResultDisplayView.swift */ = {isa = PBXFileReference; lastKnownFileType = sourcecode.swift; path = CalculatorResultDisplayView.swift; sourceTree = "<group>"; };
		E256231024427A3E00AA7CD0 /* CalculatorButton.swift */ = {isa = PBXFileReference; lastKnownFileType = sourcecode.swift; path = CalculatorButton.swift; sourceTree = "<group>"; };
		E256231224427BB400AA7CD0 /* CalculatorView.swift */ = {isa = PBXFileReference; lastKnownFileType = sourcecode.swift; path = CalculatorView.swift; sourceTree = "<group>"; };
		E263ED69244AA99D0001C89B /* String+Digits.swift */ = {isa = PBXFileReference; lastKnownFileType = sourcecode.swift; path = "String+Digits.swift"; sourceTree = "<group>"; };
		E263ED6B244ACE260001C89B /* Decimal+Digits.swift */ = {isa = PBXFileReference; lastKnownFileType = sourcecode.swift; path = "Decimal+Digits.swift"; sourceTree = "<group>"; };
		E2654C6B244D5304005BA7EC /* CalculatorOperationValidatorProtocol.swift */ = {isa = PBXFileReference; lastKnownFileType = sourcecode.swift; path = CalculatorOperationValidatorProtocol.swift; sourceTree = "<group>"; };
		E2667759245D0F1D006B2872 /* CalculatorButtonViewModifier.swift */ = {isa = PBXFileReference; lastKnownFileType = sourcecode.swift; path = CalculatorButtonViewModifier.swift; sourceTree = "<group>"; };
		E2667764245D14E5006B2872 /* CalculatorTextButton.swift */ = {isa = PBXFileReference; lastKnownFileType = sourcecode.swift; path = CalculatorTextButton.swift; sourceTree = "<group>"; };
		E2667766245D14F0006B2872 /* CalculatorImageButton.swift */ = {isa = PBXFileReference; lastKnownFileType = sourcecode.swift; path = CalculatorImageButton.swift; sourceTree = "<group>"; };
		E266F24F244E8F240009559E /* ScientificFormatter.swift */ = {isa = PBXFileReference; lastKnownFileType = sourcecode.swift; path = ScientificFormatter.swift; sourceTree = "<group>"; };
		E266F251244E90D60009559E /* DecimalFormatter.swift */ = {isa = PBXFileReference; lastKnownFileType = sourcecode.swift; path = DecimalFormatter.swift; sourceTree = "<group>"; };
		E266F253244E91420009559E /* DefaultFormatter.swift */ = {isa = PBXFileReference; lastKnownFileType = sourcecode.swift; path = DefaultFormatter.swift; sourceTree = "<group>"; };
		E266F255244EA2580009559E /* CalculatorOptionRepresentable.swift */ = {isa = PBXFileReference; lastKnownFileType = sourcecode.swift; path = CalculatorOptionRepresentable.swift; sourceTree = "<group>"; };
		E2681FCF244BB33F002DB20F /* String+Replacing.swift */ = {isa = PBXFileReference; lastKnownFileType = sourcecode.swift; path = "String+Replacing.swift"; sourceTree = "<group>"; };
		E2681FD1244BB368002DB20F /* CalculatorContants.swift */ = {isa = PBXFileReference; lastKnownFileType = sourcecode.swift; path = CalculatorContants.swift; sourceTree = "<group>"; };
		E2681FD7244BE42C002DB20F /* CalculatorReplicaSwiftUITests.xctest */ = {isa = PBXFileReference; explicitFileType = wrapper.cfbundle; includeInIndex = 0; path = CalculatorReplicaSwiftUITests.xctest; sourceTree = BUILT_PRODUCTS_DIR; };
		E2681FDB244BE42C002DB20F /* Info.plist */ = {isa = PBXFileReference; lastKnownFileType = text.plist.xml; path = Info.plist; sourceTree = "<group>"; };
		E2681FE1244BE6F0002DB20F /* CalculatorResultFormatterTests.swift */ = {isa = PBXFileReference; lastKnownFileType = sourcecode.swift; path = CalculatorResultFormatterTests.swift; sourceTree = "<group>"; };
		E2697DC124515D9B0082F30D /* CalculatorOperationValidatorMock.swift */ = {isa = PBXFileReference; lastKnownFileType = sourcecode.swift; path = CalculatorOperationValidatorMock.swift; sourceTree = "<group>"; };
		E2697DC324515F030082F30D /* CalculatorOperationValidatorTests.swift */ = {isa = PBXFileReference; lastKnownFileType = sourcecode.swift; path = CalculatorOperationValidatorTests.swift; sourceTree = "<group>"; };
		E27030EE24494EC500955BDF /* CalculatorOperationHandler.swift */ = {isa = PBXFileReference; lastKnownFileType = sourcecode.swift; path = CalculatorOperationHandler.swift; sourceTree = "<group>"; };
		E27030F0244951FD00955BDF /* CalculatorOperationHandlerProtocol.swift */ = {isa = PBXFileReference; lastKnownFileType = sourcecode.swift; path = CalculatorOperationHandlerProtocol.swift; sourceTree = "<group>"; };
		E27030F224495D0000955BDF /* CalculatorEnvironmentObjectProtocol.swift */ = {isa = PBXFileReference; lastKnownFileType = sourcecode.swift; path = CalculatorEnvironmentObjectProtocol.swift; sourceTree = "<group>"; };
		E27030F4244970B800955BDF /* DependencyInjectionManager.swift */ = {isa = PBXFileReference; lastKnownFileType = sourcecode.swift; path = DependencyInjectionManager.swift; sourceTree = "<group>"; };
		E2C600312448229C0099A038 /* PendingBinaryOperation.swift */ = {isa = PBXFileReference; lastKnownFileType = sourcecode.swift; path = PendingBinaryOperation.swift; sourceTree = "<group>"; };
		E2C60033244822EE0099A038 /* CalculatorResultFormatter.swift */ = {isa = PBXFileReference; lastKnownFileType = sourcecode.swift; path = CalculatorResultFormatter.swift; sourceTree = "<group>"; };
		E2C60037244824AB0099A038 /* CalculatorResultFormatterProtocol.swift */ = {isa = PBXFileReference; lastKnownFileType = sourcecode.swift; path = CalculatorResultFormatterProtocol.swift; sourceTree = "<group>"; };
		E2CAA054245525D600C4DBC9 /* CalculatorConfiguration.swift */ = {isa = PBXFileReference; lastKnownFileType = sourcecode.swift; path = CalculatorConfiguration.swift; sourceTree = "<group>"; };
		E2CAA0562455261300C4DBC9 /* CalculatorConfigurationProtocol.swift */ = {isa = PBXFileReference; lastKnownFileType = sourcecode.swift; path = CalculatorConfigurationProtocol.swift; sourceTree = "<group>"; };
		E2CAA058245533F800C4DBC9 /* CalculatorConfigurationMock.swift */ = {isa = PBXFileReference; lastKnownFileType = sourcecode.swift; path = CalculatorConfigurationMock.swift; sourceTree = "<group>"; };
		E2CAA05A2455375800C4DBC9 /* CalculatorTestsMockFactory.swift */ = {isa = PBXFileReference; lastKnownFileType = sourcecode.swift; path = CalculatorTestsMockFactory.swift; sourceTree = "<group>"; };
		E2CAA05D24553B1D00C4DBC9 /* CalculatorInputFactory.swift */ = {isa = PBXFileReference; lastKnownFileType = sourcecode.swift; path = CalculatorInputFactory.swift; sourceTree = "<group>"; };
		E2CAA05F24555EBA00C4DBC9 /* StringExtensionTests.swift */ = {isa = PBXFileReference; lastKnownFileType = sourcecode.swift; path = StringExtensionTests.swift; sourceTree = "<group>"; };
		E2CADA86245CC86D0047B314 /* CalculatorDisplayTrimmerProtocol.swift */ = {isa = PBXFileReference; lastKnownFileType = sourcecode.swift; path = CalculatorDisplayTrimmerProtocol.swift; sourceTree = "<group>"; };
		E2CADA88245CC8BA0047B314 /* CalculatorDisplayTrimmer.swift */ = {isa = PBXFileReference; lastKnownFileType = sourcecode.swift; path = CalculatorDisplayTrimmer.swift; sourceTree = "<group>"; };
		E2CBA5142442C388008A3097 /* CalculatorOperation.swift */ = {isa = PBXFileReference; lastKnownFileType = sourcecode.swift; path = CalculatorOperation.swift; sourceTree = "<group>"; };
		E2CBA5172442C3D3008A3097 /* CalculatorOptionProtocol.swift */ = {isa = PBXFileReference; lastKnownFileType = sourcecode.swift; path = CalculatorOptionProtocol.swift; sourceTree = "<group>"; };
		E2CBA51B2442C660008A3097 /* CalculatorOption.swift */ = {isa = PBXFileReference; lastKnownFileType = sourcecode.swift; path = CalculatorOption.swift; sourceTree = "<group>"; };
		E2CBA51D2442C7D3008A3097 /* CalculatorBuilder.swift */ = {isa = PBXFileReference; lastKnownFileType = sourcecode.swift; path = CalculatorBuilder.swift; sourceTree = "<group>"; };
		E2DA4B062453BF2100B9D981 /* CalculatorOptionTests.swift */ = {isa = PBXFileReference; lastKnownFileType = sourcecode.swift; path = CalculatorOptionTests.swift; sourceTree = "<group>"; };
		E2DA4B082453C25A00B9D981 /* PendingBinaryOperationTests.swift */ = {isa = PBXFileReference; lastKnownFileType = sourcecode.swift; path = PendingBinaryOperationTests.swift; sourceTree = "<group>"; };
		E2DA4B0A2453C76300B9D981 /* CalculatorOperationHandlerTests.swift */ = {isa = PBXFileReference; lastKnownFileType = sourcecode.swift; path = CalculatorOperationHandlerTests.swift; sourceTree = "<group>"; };
		E2FBCEC02441608600147B1B /* Calculator.app */ = {isa = PBXFileReference; explicitFileType = wrapper.application; includeInIndex = 0; path = Calculator.app; sourceTree = BUILT_PRODUCTS_DIR; };
		E2FBCEC32441608600147B1B /* AppDelegate.swift */ = {isa = PBXFileReference; lastKnownFileType = sourcecode.swift; path = AppDelegate.swift; sourceTree = "<group>"; };
		E2FBCEC52441608600147B1B /* SceneDelegate.swift */ = {isa = PBXFileReference; lastKnownFileType = sourcecode.swift; path = SceneDelegate.swift; sourceTree = "<group>"; };
		E2FBCEC92441608D00147B1B /* Assets.xcassets */ = {isa = PBXFileReference; lastKnownFileType = folder.assetcatalog; path = Assets.xcassets; sourceTree = "<group>"; };
		E2FBCECC2441608D00147B1B /* Preview Assets.xcassets */ = {isa = PBXFileReference; lastKnownFileType = folder.assetcatalog; path = "Preview Assets.xcassets"; sourceTree = "<group>"; };
		E2FBCECF2441608D00147B1B /* Base */ = {isa = PBXFileReference; lastKnownFileType = file.storyboard; name = Base; path = Base.lproj/LaunchScreen.storyboard; sourceTree = "<group>"; };
		E2FBCED12441608D00147B1B /* Info.plist */ = {isa = PBXFileReference; lastKnownFileType = text.plist.xml; path = Info.plist; sourceTree = "<group>"; };
/* End PBXFileReference section */

/* Begin PBXFrameworksBuildPhase section */
		E2681FD4244BE42C002DB20F /* Frameworks */ = {
			isa = PBXFrameworksBuildPhase;
			buildActionMask = 2147483647;
			files = (
			);
			runOnlyForDeploymentPostprocessing = 0;
		};
		E2FBCEBD2441608600147B1B /* Frameworks */ = {
			isa = PBXFrameworksBuildPhase;
			buildActionMask = 2147483647;
			files = (
			);
			runOnlyForDeploymentPostprocessing = 0;
		};
/* End PBXFrameworksBuildPhase section */

/* Begin PBXGroup section */
		E201FACA24421E5600AE6F4C /* Views */ = {
			isa = PBXGroup;
			children = (
				E2667763245D14CE006B2872 /* ResultDisplay */,
				E2667762245D14C1006B2872 /* CalculatorButton */,
				E256231224427BB400AA7CD0 /* CalculatorView.swift */,
			);
			path = Views;
			sourceTree = "<group>";
		};
		E2641533244433D30017AC6E /* Extensions */ = {
			isa = PBXGroup;
			children = (
				E263ED69244AA99D0001C89B /* String+Digits.swift */,
				E263ED6B244ACE260001C89B /* Decimal+Digits.swift */,
				E2681FCF244BB33F002DB20F /* String+Replacing.swift */,
				E239F23C245F91A600097C39 /* View+Modifiers.swift */,
			);
			path = Extensions;
			sourceTree = "<group>";
		};
		E2667758245D0EE5006B2872 /* ViewModifiers */ = {
			isa = PBXGroup;
			children = (
				E2667759245D0F1D006B2872 /* CalculatorButtonViewModifier.swift */,
			);
			path = ViewModifiers;
			sourceTree = "<group>";
		};
		E266775B245D12CE006B2872 /* Scenes */ = {
			isa = PBXGroup;
			children = (
				E2667760245D1371006B2872 /* Startup */,
				E266775D245D12DD006B2872 /* Formatter */,
				E266775C245D12D7006B2872 /* OperationHandler */,
			);
			path = Scenes;
			sourceTree = "<group>";
		};
		E266775C245D12D7006B2872 /* OperationHandler */ = {
			isa = PBXGroup;
			children = (
				E266775E245D12EE006B2872 /* Protocols */,
				E2CADA88245CC8BA0047B314 /* CalculatorDisplayTrimmer.swift */,
				E24CFDA12455F8190084F51D /* CalculatorOperationValidator.swift */,
				E27030EE24494EC500955BDF /* CalculatorOperationHandler.swift */,
			);
			path = OperationHandler;
			sourceTree = "<group>";
		};
		E266775D245D12DD006B2872 /* Formatter */ = {
			isa = PBXGroup;
			children = (
				E266775F245D1310006B2872 /* Protocols */,
				E2C60033244822EE0099A038 /* CalculatorResultFormatter.swift */,
			);
			path = Formatter;
			sourceTree = "<group>";
		};
		E266775E245D12EE006B2872 /* Protocols */ = {
			isa = PBXGroup;
			children = (
				E2CADA86245CC86D0047B314 /* CalculatorDisplayTrimmerProtocol.swift */,
				E27030F0244951FD00955BDF /* CalculatorOperationHandlerProtocol.swift */,
				E2654C6B244D5304005BA7EC /* CalculatorOperationValidatorProtocol.swift */,
			);
			path = Protocols;
			sourceTree = "<group>";
		};
		E266775F245D1310006B2872 /* Protocols */ = {
			isa = PBXGroup;
			children = (
				E2C60037244824AB0099A038 /* CalculatorResultFormatterProtocol.swift */,
			);
			path = Protocols;
			sourceTree = "<group>";
		};
		E2667760245D1371006B2872 /* Startup */ = {
			isa = PBXGroup;
			children = (
				E2667761245D13A1006B2872 /* Protocols */,
				E27030F4244970B800955BDF /* DependencyInjectionManager.swift */,
				E2CBA51D2442C7D3008A3097 /* CalculatorBuilder.swift */,
				E201FAC824421A7C00AE6F4C /* CalculatorEnviromentObject.swift */,
			);
			path = Startup;
			sourceTree = "<group>";
		};
		E2667761245D13A1006B2872 /* Protocols */ = {
			isa = PBXGroup;
			children = (
				E2CAA0562455261300C4DBC9 /* CalculatorConfigurationProtocol.swift */,
				E2CBA5172442C3D3008A3097 /* CalculatorOptionProtocol.swift */,
				E27030F224495D0000955BDF /* CalculatorEnvironmentObjectProtocol.swift */,
			);
			path = Protocols;
			sourceTree = "<group>";
		};
		E2667762245D14C1006B2872 /* CalculatorButton */ = {
			isa = PBXGroup;
			children = (
				E201FACB24421E6200AE6F4C /* CalculatorButtonsView.swift */,
				E256231024427A3E00AA7CD0 /* CalculatorButton.swift */,
				E2667764245D14E5006B2872 /* CalculatorTextButton.swift */,
				E2667766245D14F0006B2872 /* CalculatorImageButton.swift */,
			);
			path = CalculatorButton;
			sourceTree = "<group>";
		};
		E2667763245D14CE006B2872 /* ResultDisplay */ = {
			isa = PBXGroup;
			children = (
				E24E84BF244276E8007AC7AE /* CalculatorResultDisplayView.swift */,
			);
			path = ResultDisplay;
			sourceTree = "<group>";
		};
		E266F24E244E8F120009559E /* Formatters */ = {
			isa = PBXGroup;
			children = (
				E266F24F244E8F240009559E /* ScientificFormatter.swift */,
				E266F251244E90D60009559E /* DecimalFormatter.swift */,
				E266F253244E91420009559E /* DefaultFormatter.swift */,
			);
			path = Formatters;
			sourceTree = "<group>";
		};
		E2681FD8244BE42C002DB20F /* CalculatorReplicaSwiftUITests */ = {
			isa = PBXGroup;
			children = (
				E2CAA05C24553AEA00C4DBC9 /* Factories */,
				E2697DC024515D150082F30D /* Mocks */,
				E2681FDB244BE42C002DB20F /* Info.plist */,
				E2681FE1244BE6F0002DB20F /* CalculatorResultFormatterTests.swift */,
				E2697DC324515F030082F30D /* CalculatorOperationValidatorTests.swift */,
				E2DA4B062453BF2100B9D981 /* CalculatorOptionTests.swift */,
				E2DA4B082453C25A00B9D981 /* PendingBinaryOperationTests.swift */,
				E2DA4B0A2453C76300B9D981 /* CalculatorOperationHandlerTests.swift */,
				E2CAA05F24555EBA00C4DBC9 /* StringExtensionTests.swift */,
			);
			path = CalculatorReplicaSwiftUITests;
			sourceTree = "<group>";
		};
		E2697DC024515D150082F30D /* Mocks */ = {
			isa = PBXGroup;
			children = (
				E2697DC124515D9B0082F30D /* CalculatorOperationValidatorMock.swift */,
				E2CAA058245533F800C4DBC9 /* CalculatorConfigurationMock.swift */,
			);
			path = Mocks;
			sourceTree = "<group>";
		};
		E2CAA05C24553AEA00C4DBC9 /* Factories */ = {
			isa = PBXGroup;
			children = (
				E2CAA05A2455375800C4DBC9 /* CalculatorTestsMockFactory.swift */,
				E2CAA05D24553B1D00C4DBC9 /* CalculatorInputFactory.swift */,
			);
			path = Factories;
			sourceTree = "<group>";
		};
		E2CBA5192442C63D008A3097 /* Helpers */ = {
			isa = PBXGroup;
			children = (
				E266F24E244E8F120009559E /* Formatters */,
				E2681FD1244BB368002DB20F /* CalculatorContants.swift */,
			);
			path = Helpers;
			sourceTree = "<group>";
		};
		E2CBA51A2442C655008A3097 /* Entities */ = {
			isa = PBXGroup;
			children = (
				E266F255244EA2580009559E /* CalculatorOptionRepresentable.swift */,
				E2CBA51B2442C660008A3097 /* CalculatorOption.swift */,
				E2CBA5142442C388008A3097 /* CalculatorOperation.swift */,
				E2C600312448229C0099A038 /* PendingBinaryOperation.swift */,
				E2CAA054245525D600C4DBC9 /* CalculatorConfiguration.swift */,
			);
			path = Entities;
			sourceTree = "<group>";
		};
		E2FBCEB72441608600147B1B = {
			isa = PBXGroup;
			children = (
				E2FBCEC22441608600147B1B /* CalculatorReplicaSwiftUI */,
				E2681FD8244BE42C002DB20F /* CalculatorReplicaSwiftUITests */,
				E2FBCEC12441608600147B1B /* Products */,
			);
			sourceTree = "<group>";
		};
		E2FBCEC12441608600147B1B /* Products */ = {
			isa = PBXGroup;
			children = (
				E2FBCEC02441608600147B1B /* Calculator.app */,
				E2681FD7244BE42C002DB20F /* CalculatorReplicaSwiftUITests.xctest */,
			);
			name = Products;
			sourceTree = "<group>";
		};
		E2FBCEC22441608600147B1B /* CalculatorReplicaSwiftUI */ = {
			isa = PBXGroup;
			children = (
				E266775B245D12CE006B2872 /* Scenes */,
				E2667758245D0EE5006B2872 /* ViewModifiers */,
				E2641533244433D30017AC6E /* Extensions */,
				E2CBA51A2442C655008A3097 /* Entities */,
				E2CBA5192442C63D008A3097 /* Helpers */,
				E201FACA24421E5600AE6F4C /* Views */,
				E2FBCEC32441608600147B1B /* AppDelegate.swift */,
				E2FBCEC52441608600147B1B /* SceneDelegate.swift */,
				E2FBCEC92441608D00147B1B /* Assets.xcassets */,
				E2FBCECE2441608D00147B1B /* LaunchScreen.storyboard */,
				E2FBCED12441608D00147B1B /* Info.plist */,
				E2FBCECB2441608D00147B1B /* Preview Content */,
			);
			path = CalculatorReplicaSwiftUI;
			sourceTree = "<group>";
		};
		E2FBCECB2441608D00147B1B /* Preview Content */ = {
			isa = PBXGroup;
			children = (
				E2FBCECC2441608D00147B1B /* Preview Assets.xcassets */,
			);
			path = "Preview Content";
			sourceTree = "<group>";
		};
/* End PBXGroup section */

/* Begin PBXNativeTarget section */
		E2681FD6244BE42C002DB20F /* CalculatorReplicaSwiftUITests */ = {
			isa = PBXNativeTarget;
			buildConfigurationList = E2681FE0244BE42C002DB20F /* Build configuration list for PBXNativeTarget "CalculatorReplicaSwiftUITests" */;
			buildPhases = (
				E2681FD3244BE42C002DB20F /* Sources */,
				E2681FD4244BE42C002DB20F /* Frameworks */,
				E2681FD5244BE42C002DB20F /* Resources */,
			);
			buildRules = (
			);
			dependencies = (
				E2681FDD244BE42C002DB20F /* PBXTargetDependency */,
			);
			name = CalculatorReplicaSwiftUITests;
			productName = CalculatorReplicaSwiftUITests;
			productReference = E2681FD7244BE42C002DB20F /* CalculatorReplicaSwiftUITests.xctest */;
			productType = "com.apple.product-type.bundle.unit-test";
		};
		E2FBCEBF2441608600147B1B /* CalculatorReplicaSwiftUI */ = {
			isa = PBXNativeTarget;
			buildConfigurationList = E2FBCED42441608D00147B1B /* Build configuration list for PBXNativeTarget "CalculatorReplicaSwiftUI" */;
			buildPhases = (
				E2FBCEBC2441608600147B1B /* Sources */,
				E2FBCEBD2441608600147B1B /* Frameworks */,
				E2FBCEBE2441608600147B1B /* Resources */,
			);
			buildRules = (
			);
			dependencies = (
			);
			name = CalculatorReplicaSwiftUI;
			productName = CalculatorReplicaSwiftUI;
			productReference = E2FBCEC02441608600147B1B /* Calculator.app */;
			productType = "com.apple.product-type.application";
		};
/* End PBXNativeTarget section */

/* Begin PBXProject section */
		E2FBCEB82441608600147B1B /* Project object */ = {
			isa = PBXProject;
			attributes = {
				LastSwiftUpdateCheck = 1140;
				LastUpgradeCheck = 1140;
				ORGANIZATIONNAME = Alonso;
				TargetAttributes = {
					E2681FD6244BE42C002DB20F = {
						CreatedOnToolsVersion = 11.4.1;
						TestTargetID = E2FBCEBF2441608600147B1B;
					};
					E2FBCEBF2441608600147B1B = {
						CreatedOnToolsVersion = 11.4;
					};
				};
			};
			buildConfigurationList = E2FBCEBB2441608600147B1B /* Build configuration list for PBXProject "CalculatorReplicaSwiftUI" */;
			compatibilityVersion = "Xcode 9.3";
			developmentRegion = en;
			hasScannedForEncodings = 0;
			knownRegions = (
				en,
				Base,
			);
			mainGroup = E2FBCEB72441608600147B1B;
			productRefGroup = E2FBCEC12441608600147B1B /* Products */;
			projectDirPath = "";
			projectRoot = "";
			targets = (
				E2FBCEBF2441608600147B1B /* CalculatorReplicaSwiftUI */,
				E2681FD6244BE42C002DB20F /* CalculatorReplicaSwiftUITests */,
			);
		};
/* End PBXProject section */

/* Begin PBXResourcesBuildPhase section */
		E2681FD5244BE42C002DB20F /* Resources */ = {
			isa = PBXResourcesBuildPhase;
			buildActionMask = 2147483647;
			files = (
			);
			runOnlyForDeploymentPostprocessing = 0;
		};
		E2FBCEBE2441608600147B1B /* Resources */ = {
			isa = PBXResourcesBuildPhase;
			buildActionMask = 2147483647;
			files = (
				E2FBCED02441608D00147B1B /* LaunchScreen.storyboard in Resources */,
				E2FBCECD2441608D00147B1B /* Preview Assets.xcassets in Resources */,
				E2FBCECA2441608D00147B1B /* Assets.xcassets in Resources */,
			);
			runOnlyForDeploymentPostprocessing = 0;
		};
/* End PBXResourcesBuildPhase section */

/* Begin PBXSourcesBuildPhase section */
		E2681FD3244BE42C002DB20F /* Sources */ = {
			isa = PBXSourcesBuildPhase;
			buildActionMask = 2147483647;
			files = (
				E2CAA059245533F800C4DBC9 /* CalculatorConfigurationMock.swift in Sources */,
				E2DA4B072453BF2100B9D981 /* CalculatorOptionTests.swift in Sources */,
				E2697DC224515D9B0082F30D /* CalculatorOperationValidatorMock.swift in Sources */,
				E2DA4B0B2453C76300B9D981 /* CalculatorOperationHandlerTests.swift in Sources */,
				E2CAA05B2455375800C4DBC9 /* CalculatorTestsMockFactory.swift in Sources */,
				E2697DC424515F030082F30D /* CalculatorOperationValidatorTests.swift in Sources */,
				E2DA4B092453C25A00B9D981 /* PendingBinaryOperationTests.swift in Sources */,
				E2CAA05E24553B1D00C4DBC9 /* CalculatorInputFactory.swift in Sources */,
				E2CAA06024555EBA00C4DBC9 /* StringExtensionTests.swift in Sources */,
				E2681FE2244BE6F0002DB20F /* CalculatorResultFormatterTests.swift in Sources */,
			);
			runOnlyForDeploymentPostprocessing = 0;
		};
		E2FBCEBC2441608600147B1B /* Sources */ = {
			isa = PBXSourcesBuildPhase;
			buildActionMask = 2147483647;
			files = (
				E27030F5244970B800955BDF /* DependencyInjectionManager.swift in Sources */,
				E2CADA87245CC86D0047B314 /* CalculatorDisplayTrimmerProtocol.swift in Sources */,
				E2654C6C244D5304005BA7EC /* CalculatorOperationValidatorProtocol.swift in Sources */,
				E27030F324495D0000955BDF /* CalculatorEnvironmentObjectProtocol.swift in Sources */,
				E2CBA5182442C3D3008A3097 /* CalculatorOptionProtocol.swift in Sources */,
				E2C60038244824AB0099A038 /* CalculatorResultFormatterProtocol.swift in Sources */,
				E201FACC24421E6200AE6F4C /* CalculatorButtonsView.swift in Sources */,
				E2CAA055245525D600C4DBC9 /* CalculatorConfiguration.swift in Sources */,
				E2681FD2244BB368002DB20F /* CalculatorContants.swift in Sources */,
				E24E84C0244276E8007AC7AE /* CalculatorResultDisplayView.swift in Sources */,
				E266775A245D0F1D006B2872 /* CalculatorButtonViewModifier.swift in Sources */,
				E2CBA51C2442C660008A3097 /* CalculatorOption.swift in Sources */,
				E266F250244E8F240009559E /* ScientificFormatter.swift in Sources */,
				E2CAA0572455261300C4DBC9 /* CalculatorConfigurationProtocol.swift in Sources */,
				E2CBA5152442C388008A3097 /* CalculatorOperation.swift in Sources */,
				E2667767245D14F0006B2872 /* CalculatorImageButton.swift in Sources */,
				E263ED6A244AA99D0001C89B /* String+Digits.swift in Sources */,
				E263ED6C244ACE260001C89B /* Decimal+Digits.swift in Sources */,
				E201FAC924421A7C00AE6F4C /* CalculatorEnviromentObject.swift in Sources */,
				E2FBCEC42441608600147B1B /* AppDelegate.swift in Sources */,
				E2681FD0244BB33F002DB20F /* String+Replacing.swift in Sources */,
				E27030EF24494EC500955BDF /* CalculatorOperationHandler.swift in Sources */,
				E27030F1244951FD00955BDF /* CalculatorOperationHandlerProtocol.swift in Sources */,
				E266F254244E91420009559E /* DefaultFormatter.swift in Sources */,
				E2C600322448229C0099A038 /* PendingBinaryOperation.swift in Sources */,
				E2FBCEC62441608600147B1B /* SceneDelegate.swift in Sources */,
				E256231324427BB400AA7CD0 /* CalculatorView.swift in Sources */,
				E2CADA89245CC8BA0047B314 /* CalculatorDisplayTrimmer.swift in Sources */,
				E266F256244EA2580009559E /* CalculatorOptionRepresentable.swift in Sources */,
				E2667765245D14E5006B2872 /* CalculatorTextButton.swift in Sources */,
				E256231124427A3E00AA7CD0 /* CalculatorButton.swift in Sources */,
				E239F23D245F91A600097C39 /* View+Modifiers.swift in Sources */,
				E2CBA51E2442C7D3008A3097 /* CalculatorBuilder.swift in Sources */,
				E2C60034244822EE0099A038 /* CalculatorResultFormatter.swift in Sources */,
				E24CFDA22455F8190084F51D /* CalculatorOperationValidator.swift in Sources */,
				E266F252244E90D60009559E /* DecimalFormatter.swift in Sources */,
			);
			runOnlyForDeploymentPostprocessing = 0;
		};
/* End PBXSourcesBuildPhase section */

/* Begin PBXTargetDependency section */
		E2681FDD244BE42C002DB20F /* PBXTargetDependency */ = {
			isa = PBXTargetDependency;
			target = E2FBCEBF2441608600147B1B /* CalculatorReplicaSwiftUI */;
			targetProxy = E2681FDC244BE42C002DB20F /* PBXContainerItemProxy */;
		};
/* End PBXTargetDependency section */

/* Begin PBXVariantGroup section */
		E2FBCECE2441608D00147B1B /* LaunchScreen.storyboard */ = {
			isa = PBXVariantGroup;
			children = (
				E2FBCECF2441608D00147B1B /* Base */,
			);
			name = LaunchScreen.storyboard;
			sourceTree = "<group>";
		};
/* End PBXVariantGroup section */

/* Begin XCBuildConfiguration section */
		E2681FDE244BE42C002DB20F /* Debug */ = {
			isa = XCBuildConfiguration;
			buildSettings = {
				BUNDLE_LOADER = "$(TEST_HOST)";
				CODE_SIGN_STYLE = Automatic;
				DEVELOPMENT_TEAM = E95KU8J3PN;
				INFOPLIST_FILE = CalculatorReplicaSwiftUITests/Info.plist;
				IPHONEOS_DEPLOYMENT_TARGET = 13.0;
				LD_RUNPATH_SEARCH_PATHS = (
					"$(inherited)",
					"@executable_path/Frameworks",
					"@loader_path/Frameworks",
				);
				PRODUCT_BUNDLE_IDENTIFIER = com.Alonso.CalculatorReplicaSwiftUITests;
				PRODUCT_NAME = "$(TARGET_NAME)";
				SWIFT_VERSION = 5.0;
				TARGETED_DEVICE_FAMILY = "1,2";
				TEST_HOST = "$(BUILT_PRODUCTS_DIR)/Calculator.app/Calculator";
			};
			name = Debug;
		};
		E2681FDF244BE42C002DB20F /* Release */ = {
			isa = XCBuildConfiguration;
			buildSettings = {
				BUNDLE_LOADER = "$(TEST_HOST)";
				CODE_SIGN_STYLE = Automatic;
				DEVELOPMENT_TEAM = E95KU8J3PN;
				INFOPLIST_FILE = CalculatorReplicaSwiftUITests/Info.plist;
				IPHONEOS_DEPLOYMENT_TARGET = 13.0;
				LD_RUNPATH_SEARCH_PATHS = (
					"$(inherited)",
					"@executable_path/Frameworks",
					"@loader_path/Frameworks",
				);
				PRODUCT_BUNDLE_IDENTIFIER = com.Alonso.CalculatorReplicaSwiftUITests;
				PRODUCT_NAME = "$(TARGET_NAME)";
				SWIFT_VERSION = 5.0;
				TARGETED_DEVICE_FAMILY = "1,2";
				TEST_HOST = "$(BUILT_PRODUCTS_DIR)/Calculator.app/Calculator";
			};
			name = Release;
		};
		E2FBCED22441608D00147B1B /* Debug */ = {
			isa = XCBuildConfiguration;
			buildSettings = {
				ALWAYS_SEARCH_USER_PATHS = NO;
				CLANG_ANALYZER_NONNULL = YES;
				CLANG_ANALYZER_NUMBER_OBJECT_CONVERSION = YES_AGGRESSIVE;
				CLANG_CXX_LANGUAGE_STANDARD = "gnu++14";
				CLANG_CXX_LIBRARY = "libc++";
				CLANG_ENABLE_MODULES = YES;
				CLANG_ENABLE_OBJC_ARC = YES;
				CLANG_ENABLE_OBJC_WEAK = YES;
				CLANG_WARN_BLOCK_CAPTURE_AUTORELEASING = YES;
				CLANG_WARN_BOOL_CONVERSION = YES;
				CLANG_WARN_COMMA = YES;
				CLANG_WARN_CONSTANT_CONVERSION = YES;
				CLANG_WARN_DEPRECATED_OBJC_IMPLEMENTATIONS = YES;
				CLANG_WARN_DIRECT_OBJC_ISA_USAGE = YES_ERROR;
				CLANG_WARN_DOCUMENTATION_COMMENTS = YES;
				CLANG_WARN_EMPTY_BODY = YES;
				CLANG_WARN_ENUM_CONVERSION = YES;
				CLANG_WARN_INFINITE_RECURSION = YES;
				CLANG_WARN_INT_CONVERSION = YES;
				CLANG_WARN_NON_LITERAL_NULL_CONVERSION = YES;
				CLANG_WARN_OBJC_IMPLICIT_RETAIN_SELF = YES;
				CLANG_WARN_OBJC_LITERAL_CONVERSION = YES;
				CLANG_WARN_OBJC_ROOT_CLASS = YES_ERROR;
				CLANG_WARN_RANGE_LOOP_ANALYSIS = YES;
				CLANG_WARN_STRICT_PROTOTYPES = YES;
				CLANG_WARN_SUSPICIOUS_MOVE = YES;
				CLANG_WARN_UNGUARDED_AVAILABILITY = YES_AGGRESSIVE;
				CLANG_WARN_UNREACHABLE_CODE = YES;
				CLANG_WARN__DUPLICATE_METHOD_MATCH = YES;
				COPY_PHASE_STRIP = NO;
				DEBUG_INFORMATION_FORMAT = dwarf;
				ENABLE_STRICT_OBJC_MSGSEND = YES;
				ENABLE_TESTABILITY = YES;
				GCC_C_LANGUAGE_STANDARD = gnu11;
				GCC_DYNAMIC_NO_PIC = NO;
				GCC_NO_COMMON_BLOCKS = YES;
				GCC_OPTIMIZATION_LEVEL = 0;
				GCC_PREPROCESSOR_DEFINITIONS = (
					"DEBUG=1",
					"$(inherited)",
				);
				GCC_WARN_64_TO_32_BIT_CONVERSION = YES;
				GCC_WARN_ABOUT_RETURN_TYPE = YES_ERROR;
				GCC_WARN_UNDECLARED_SELECTOR = YES;
				GCC_WARN_UNINITIALIZED_AUTOS = YES_AGGRESSIVE;
				GCC_WARN_UNUSED_FUNCTION = YES;
				GCC_WARN_UNUSED_VARIABLE = YES;
				IPHONEOS_DEPLOYMENT_TARGET = 13.4;
				MTL_ENABLE_DEBUG_INFO = INCLUDE_SOURCE;
				MTL_FAST_MATH = YES;
				ONLY_ACTIVE_ARCH = YES;
				SDKROOT = iphoneos;
				SWIFT_ACTIVE_COMPILATION_CONDITIONS = DEBUG;
				SWIFT_OPTIMIZATION_LEVEL = "-Onone";
			};
			name = Debug;
		};
		E2FBCED32441608D00147B1B /* Release */ = {
			isa = XCBuildConfiguration;
			buildSettings = {
				ALWAYS_SEARCH_USER_PATHS = NO;
				CLANG_ANALYZER_NONNULL = YES;
				CLANG_ANALYZER_NUMBER_OBJECT_CONVERSION = YES_AGGRESSIVE;
				CLANG_CXX_LANGUAGE_STANDARD = "gnu++14";
				CLANG_CXX_LIBRARY = "libc++";
				CLANG_ENABLE_MODULES = YES;
				CLANG_ENABLE_OBJC_ARC = YES;
				CLANG_ENABLE_OBJC_WEAK = YES;
				CLANG_WARN_BLOCK_CAPTURE_AUTORELEASING = YES;
				CLANG_WARN_BOOL_CONVERSION = YES;
				CLANG_WARN_COMMA = YES;
				CLANG_WARN_CONSTANT_CONVERSION = YES;
				CLANG_WARN_DEPRECATED_OBJC_IMPLEMENTATIONS = YES;
				CLANG_WARN_DIRECT_OBJC_ISA_USAGE = YES_ERROR;
				CLANG_WARN_DOCUMENTATION_COMMENTS = YES;
				CLANG_WARN_EMPTY_BODY = YES;
				CLANG_WARN_ENUM_CONVERSION = YES;
				CLANG_WARN_INFINITE_RECURSION = YES;
				CLANG_WARN_INT_CONVERSION = YES;
				CLANG_WARN_NON_LITERAL_NULL_CONVERSION = YES;
				CLANG_WARN_OBJC_IMPLICIT_RETAIN_SELF = YES;
				CLANG_WARN_OBJC_LITERAL_CONVERSION = YES;
				CLANG_WARN_OBJC_ROOT_CLASS = YES_ERROR;
				CLANG_WARN_RANGE_LOOP_ANALYSIS = YES;
				CLANG_WARN_STRICT_PROTOTYPES = YES;
				CLANG_WARN_SUSPICIOUS_MOVE = YES;
				CLANG_WARN_UNGUARDED_AVAILABILITY = YES_AGGRESSIVE;
				CLANG_WARN_UNREACHABLE_CODE = YES;
				CLANG_WARN__DUPLICATE_METHOD_MATCH = YES;
				COPY_PHASE_STRIP = NO;
				DEBUG_INFORMATION_FORMAT = "dwarf-with-dsym";
				ENABLE_NS_ASSERTIONS = NO;
				ENABLE_STRICT_OBJC_MSGSEND = YES;
				GCC_C_LANGUAGE_STANDARD = gnu11;
				GCC_NO_COMMON_BLOCKS = YES;
				GCC_WARN_64_TO_32_BIT_CONVERSION = YES;
				GCC_WARN_ABOUT_RETURN_TYPE = YES_ERROR;
				GCC_WARN_UNDECLARED_SELECTOR = YES;
				GCC_WARN_UNINITIALIZED_AUTOS = YES_AGGRESSIVE;
				GCC_WARN_UNUSED_FUNCTION = YES;
				GCC_WARN_UNUSED_VARIABLE = YES;
				IPHONEOS_DEPLOYMENT_TARGET = 13.4;
				MTL_ENABLE_DEBUG_INFO = NO;
				MTL_FAST_MATH = YES;
				SDKROOT = iphoneos;
				SWIFT_COMPILATION_MODE = wholemodule;
				SWIFT_OPTIMIZATION_LEVEL = "-O";
				VALIDATE_PRODUCT = YES;
			};
			name = Release;
		};
		E2FBCED52441608D00147B1B /* Debug */ = {
			isa = XCBuildConfiguration;
			buildSettings = {
				ASSETCATALOG_COMPILER_APPICON_NAME = AppIcon;
				CODE_SIGN_STYLE = Automatic;
				DEVELOPMENT_ASSET_PATHS = "\"CalculatorReplicaSwiftUI/Preview Content\"";
				DEVELOPMENT_TEAM = E95KU8J3PN;
				ENABLE_PREVIEWS = YES;
				INFOPLIST_FILE = CalculatorReplicaSwiftUI/Info.plist;
				IPHONEOS_DEPLOYMENT_TARGET = 13.0;
				LD_RUNPATH_SEARCH_PATHS = (
					"$(inherited)",
					"@executable_path/Frameworks",
				);
				PRODUCT_BUNDLE_IDENTIFIER = com.Alonso.CalculatorReplicaSwiftUI;
				PRODUCT_NAME = Calculator;
				SWIFT_VERSION = 5.0;
				TARGETED_DEVICE_FAMILY = 1;
			};
			name = Debug;
		};
		E2FBCED62441608D00147B1B /* Release */ = {
			isa = XCBuildConfiguration;
			buildSettings = {
				ASSETCATALOG_COMPILER_APPICON_NAME = AppIcon;
				CODE_SIGN_STYLE = Automatic;
				DEVELOPMENT_ASSET_PATHS = "\"CalculatorReplicaSwiftUI/Preview Content\"";
				DEVELOPMENT_TEAM = E95KU8J3PN;
				ENABLE_PREVIEWS = YES;
				INFOPLIST_FILE = CalculatorReplicaSwiftUI/Info.plist;
				IPHONEOS_DEPLOYMENT_TARGET = 13.0;
				LD_RUNPATH_SEARCH_PATHS = (
					"$(inherited)",
					"@executable_path/Frameworks",
				);
				PRODUCT_BUNDLE_IDENTIFIER = com.Alonso.CalculatorReplicaSwiftUI;
				PRODUCT_NAME = Calculator;
				SWIFT_VERSION = 5.0;
				TARGETED_DEVICE_FAMILY = 1;
			};
			name = Release;
		};
/* End XCBuildConfiguration section */

/* Begin XCConfigurationList section */
		E2681FE0244BE42C002DB20F /* Build configuration list for PBXNativeTarget "CalculatorReplicaSwiftUITests" */ = {
			isa = XCConfigurationList;
			buildConfigurations = (
				E2681FDE244BE42C002DB20F /* Debug */,
				E2681FDF244BE42C002DB20F /* Release */,
			);
			defaultConfigurationIsVisible = 0;
			defaultConfigurationName = Release;
		};
		E2FBCEBB2441608600147B1B /* Build configuration list for PBXProject "CalculatorReplicaSwiftUI" */ = {
			isa = XCConfigurationList;
			buildConfigurations = (
				E2FBCED22441608D00147B1B /* Debug */,
				E2FBCED32441608D00147B1B /* Release */,
			);
			defaultConfigurationIsVisible = 0;
			defaultConfigurationName = Release;
		};
		E2FBCED42441608D00147B1B /* Build configuration list for PBXNativeTarget "CalculatorReplicaSwiftUI" */ = {
			isa = XCConfigurationList;
			buildConfigurations = (
				E2FBCED52441608D00147B1B /* Debug */,
				E2FBCED62441608D00147B1B /* Release */,
			);
			defaultConfigurationIsVisible = 0;
			defaultConfigurationName = Release;
		};
/* End XCConfigurationList section */
	};
	rootObject = E2FBCEB82441608600147B1B /* Project object */;
}
